
Microsoft Visual Studio Solution File, Format Version 12.00
# Visual Studio Version 17
VisualStudioVersion = 17.0.31912.275
MinimumVisualStudioVersion = 10.0.40219.1
Project("{FAE04EC0-301F-11D3-BF4B-00C04F79EFBC}") = "lesVandaag", "lesVandaag.csproj", "{27333AD7-0585-4A26-8B2F-50FBC1E604CA}"
EndProject
Global
	GlobalSection(SolutionConfigurationPlatforms) = preSolution
		Debug|Any CPU = Debug|Any CPU
		Release|Any CPU = Release|Any CPU
	EndGlobalSection
	GlobalSection(ProjectConfigurationPlatforms) = postSolution
		{27333AD7-0585-4A26-8B2F-50FBC1E604CA}.Debug|Any CPU.ActiveCfg = Debug|Any CPU
		{27333AD7-0585-4A26-8B2F-50FBC1E604CA}.Debug|Any CPU.Build.0 = Debug|Any CPU
		{27333AD7-0585-4A26-8B2F-50FBC1E604CA}.Release|Any CPU.ActiveCfg = Release|Any CPU
		{27333AD7-0585-4A26-8B2F-50FBC1E604CA}.Release|Any CPU.Build.0 = Release|Any CPU
	EndGlobalSection
	GlobalSection(SolutionProperties) = preSolution
		HideSolutionNode = FALSE
	EndGlobalSection
	GlobalSection(ExtensibilityGlobals) = postSolution
		SolutionGuid = {F49A9D75-3BCF-4073-8811-3A8520637ED1}
	EndGlobalSection
EndGlobal
