
Microsoft Visual Studio Solution File, Format Version 12.00
# Visual Studio Version 17
VisualStudioVersion = 17.0.31912.275
MinimumVisualStudioVersion = 10.0.40219.1
Project("{FAE04EC0-301F-11D3-BF4B-00C04F79EFBC}") = "TimeCalculator", "TimeCalculator.csproj", "{5B6498F0-E51E-4E87-A4AB-B1CA9D5B320F}"
EndProject
Global
	GlobalSection(SolutionConfigurationPlatforms) = preSolution
		Debug|Any CPU = Debug|Any CPU
		Release|Any CPU = Release|Any CPU
	EndGlobalSection
	GlobalSection(ProjectConfigurationPlatforms) = postSolution
		{5B6498F0-E51E-4E87-A4AB-B1CA9D5B320F}.Debug|Any CPU.ActiveCfg = Debug|Any CPU
		{5B6498F0-E51E-4E87-A4AB-B1CA9D5B320F}.Debug|Any CPU.Build.0 = Debug|Any CPU
		{5B6498F0-E51E-4E87-A4AB-B1CA9D5B320F}.Release|Any CPU.ActiveCfg = Release|Any CPU
		{5B6498F0-E51E-4E87-A4AB-B1CA9D5B320F}.Release|Any CPU.Build.0 = Release|Any CPU
	EndGlobalSection
	GlobalSection(SolutionProperties) = preSolution
		HideSolutionNode = FALSE
	EndGlobalSection
	GlobalSection(ExtensibilityGlobals) = postSolution
		SolutionGuid = {3964EA66-0DC6-470C-9457-6689B9A61124}
	EndGlobalSection
EndGlobal
