
Microsoft Visual Studio Solution File, Format Version 12.00
# Visual Studio Version 17
VisualStudioVersion = 17.0.31912.275
MinimumVisualStudioVersion = 10.0.40219.1
Project("{FAE04EC0-301F-11D3-BF4B-00C04F79EFBC}") = "BerekenOngediertePopulatie", "BerekenOngediertePopulatie.csproj", "{1E8C3FCF-F3A4-46B3-A2CC-398E4D9CA99C}"
EndProject
Global
	GlobalSection(SolutionConfigurationPlatforms) = preSolution
		Debug|Any CPU = Debug|Any CPU
		Release|Any CPU = Release|Any CPU
	EndGlobalSection
	GlobalSection(ProjectConfigurationPlatforms) = postSolution
		{1E8C3FCF-F3A4-46B3-A2CC-398E4D9CA99C}.Debug|Any CPU.ActiveCfg = Debug|Any CPU
		{1E8C3FCF-F3A4-46B3-A2CC-398E4D9CA99C}.Debug|Any CPU.Build.0 = Debug|Any CPU
		{1E8C3FCF-F3A4-46B3-A2CC-398E4D9CA99C}.Release|Any CPU.ActiveCfg = Release|Any CPU
		{1E8C3FCF-F3A4-46B3-A2CC-398E4D9CA99C}.Release|Any CPU.Build.0 = Release|Any CPU
	EndGlobalSection
	GlobalSection(SolutionProperties) = preSolution
		HideSolutionNode = FALSE
	EndGlobalSection
	GlobalSection(ExtensibilityGlobals) = postSolution
		SolutionGuid = {CAFBFD9B-BFB7-4A2A-BC87-9C8A583DFEE2}
	EndGlobalSection
EndGlobal
